
Microsoft Visual Studio Solution File, Format Version 12.00
# Visual Studio Version 16
VisualStudioVersion = 16.0.31729.503
MinimumVisualStudioVersion = 10.0.40219.1
Project("{FAE04EC0-301F-11D3-BF4B-00C04F79EFBC}") = "TestNa5", "TestNa5.csproj", "{589AEA81-A5A4-4AB8-8AAD-BF4B178F1AE3}"
EndProject
Global
	GlobalSection(SolutionConfigurationPlatforms) = preSolution
		Debug|Any CPU = Debug|Any CPU
		Release|Any CPU = Release|Any CPU
	EndGlobalSection
	GlobalSection(ProjectConfigurationPlatforms) = postSolution
		{589AEA81-A5A4-4AB8-8AAD-BF4B178F1AE3}.Debug|Any CPU.ActiveCfg = Debug|Any CPU
		{589AEA81-A5A4-4AB8-8AAD-BF4B178F1AE3}.Debug|Any CPU.Build.0 = Debug|Any CPU
		{589AEA81-A5A4-4AB8-8AAD-BF4B178F1AE3}.Release|Any CPU.ActiveCfg = Release|Any CPU
		{589AEA81-A5A4-4AB8-8AAD-BF4B178F1AE3}.Release|Any CPU.Build.0 = Release|Any CPU
	EndGlobalSection
	GlobalSection(SolutionProperties) = preSolution
		HideSolutionNode = FALSE
	EndGlobalSection
	GlobalSection(ExtensibilityGlobals) = postSolution
		SolutionGuid = {1ADF7F9B-E355-4229-B203-B454E7654A82}
	EndGlobalSection
EndGlobal
