
Microsoft Visual Studio Solution File, Format Version 12.00
# Visual Studio Version 16
VisualStudioVersion = 16.0.30804.86
MinimumVisualStudioVersion = 10.0.40219.1
Project("{FAE04EC0-301F-11D3-BF4B-00C04F79EFBC}") = "FileCoder", "FileCoder.csproj", "{1CAA7D66-2E8C-4294-8E26-4A750167F4A4}"
EndProject
Project("{FAE04EC0-301F-11D3-BF4B-00C04F79EFBC}") = "PassGen", "..\PassGen\PassGen.csproj", "{C45F3C71-D0D4-46E4-8D8B-7583B3717F51}"
EndProject
Global
	GlobalSection(SolutionConfigurationPlatforms) = preSolution
		Debug|Any CPU = Debug|Any CPU
		Release|Any CPU = Release|Any CPU
	EndGlobalSection
	GlobalSection(ProjectConfigurationPlatforms) = postSolution
		{1CAA7D66-2E8C-4294-8E26-4A750167F4A4}.Debug|Any CPU.ActiveCfg = Debug|Any CPU
		{1CAA7D66-2E8C-4294-8E26-4A750167F4A4}.Debug|Any CPU.Build.0 = Debug|Any CPU
		{1CAA7D66-2E8C-4294-8E26-4A750167F4A4}.Release|Any CPU.ActiveCfg = Release|Any CPU
		{1CAA7D66-2E8C-4294-8E26-4A750167F4A4}.Release|Any CPU.Build.0 = Release|Any CPU
		{C45F3C71-D0D4-46E4-8D8B-7583B3717F51}.Debug|Any CPU.ActiveCfg = Debug|Any CPU
		{C45F3C71-D0D4-46E4-8D8B-7583B3717F51}.Debug|Any CPU.Build.0 = Debug|Any CPU
		{C45F3C71-D0D4-46E4-8D8B-7583B3717F51}.Release|Any CPU.ActiveCfg = Release|Any CPU
		{C45F3C71-D0D4-46E4-8D8B-7583B3717F51}.Release|Any CPU.Build.0 = Release|Any CPU
	EndGlobalSection
	GlobalSection(SolutionProperties) = preSolution
		HideSolutionNode = FALSE
	EndGlobalSection
	GlobalSection(ExtensibilityGlobals) = postSolution
		SolutionGuid = {7F3F27FF-0A2D-4633-BB83-4D7D256191FB}
	EndGlobalSection
EndGlobal
