
Microsoft Visual Studio Solution File, Format Version 12.00
# Visual Studio Version 16
VisualStudioVersion = 16.0.31205.134
MinimumVisualStudioVersion = 10.0.40219.1
Project("{FAE04EC0-301F-11D3-BF4B-00C04F79EFBC}") = "3d", "3d.csproj", "{24C1E219-86DA-4C28-9103-1FB496E49BD8}"
EndProject
Global
	GlobalSection(SolutionConfigurationPlatforms) = preSolution
		Debug|Any CPU = Debug|Any CPU
		Release|Any CPU = Release|Any CPU
	EndGlobalSection
	GlobalSection(ProjectConfigurationPlatforms) = postSolution
		{24C1E219-86DA-4C28-9103-1FB496E49BD8}.Debug|Any CPU.ActiveCfg = Debug|Any CPU
		{24C1E219-86DA-4C28-9103-1FB496E49BD8}.Debug|Any CPU.Build.0 = Debug|Any CPU
		{24C1E219-86DA-4C28-9103-1FB496E49BD8}.Release|Any CPU.ActiveCfg = Release|Any CPU
		{24C1E219-86DA-4C28-9103-1FB496E49BD8}.Release|Any CPU.Build.0 = Release|Any CPU
	EndGlobalSection
	GlobalSection(SolutionProperties) = preSolution
		HideSolutionNode = FALSE
	EndGlobalSection
	GlobalSection(ExtensibilityGlobals) = postSolution
		SolutionGuid = {C716BA06-3C28-407A-B1C1-42401FD66E4A}
	EndGlobalSection
EndGlobal
