
Microsoft Visual Studio Solution File, Format Version 12.00
# Visual Studio Version 16
VisualStudioVersion = 16.0.30523.141
MinimumVisualStudioVersion = 10.0.40219.1
Project("{FAE04EC0-301F-11D3-BF4B-00C04F79EFBC}") = "INF 2.1", "INF 2.1.csproj", "{594161CE-EF87-4F3A-A5C8-341C2F2BDF93}"
EndProject
Project("{FAE04EC0-301F-11D3-BF4B-00C04F79EFBC}") = "INF 2.2", "..\INF 2.2\INF 2.2.csproj", "{0D36B564-648C-4DD7-AE4F-FFEA98ACB82C}"
EndProject
Project("{FAE04EC0-301F-11D3-BF4B-00C04F79EFBC}") = "INF 2.3", "..\INF 2.3\INF 2.3.csproj", "{2D278B97-5143-4C81-B379-50BD79CEFAAD}"
EndProject
Global
	GlobalSection(SolutionConfigurationPlatforms) = preSolution
		Debug|Any CPU = Debug|Any CPU
		Release|Any CPU = Release|Any CPU
	EndGlobalSection
	GlobalSection(ProjectConfigurationPlatforms) = postSolution
		{594161CE-EF87-4F3A-A5C8-341C2F2BDF93}.Debug|Any CPU.ActiveCfg = Debug|Any CPU
		{594161CE-EF87-4F3A-A5C8-341C2F2BDF93}.Debug|Any CPU.Build.0 = Debug|Any CPU
		{594161CE-EF87-4F3A-A5C8-341C2F2BDF93}.Release|Any CPU.ActiveCfg = Release|Any CPU
		{594161CE-EF87-4F3A-A5C8-341C2F2BDF93}.Release|Any CPU.Build.0 = Release|Any CPU
		{0D36B564-648C-4DD7-AE4F-FFEA98ACB82C}.Debug|Any CPU.ActiveCfg = Debug|Any CPU
		{0D36B564-648C-4DD7-AE4F-FFEA98ACB82C}.Debug|Any CPU.Build.0 = Debug|Any CPU
		{0D36B564-648C-4DD7-AE4F-FFEA98ACB82C}.Release|Any CPU.ActiveCfg = Release|Any CPU
		{0D36B564-648C-4DD7-AE4F-FFEA98ACB82C}.Release|Any CPU.Build.0 = Release|Any CPU
		{2D278B97-5143-4C81-B379-50BD79CEFAAD}.Debug|Any CPU.ActiveCfg = Debug|Any CPU
		{2D278B97-5143-4C81-B379-50BD79CEFAAD}.Debug|Any CPU.Build.0 = Debug|Any CPU
		{2D278B97-5143-4C81-B379-50BD79CEFAAD}.Release|Any CPU.ActiveCfg = Release|Any CPU
		{2D278B97-5143-4C81-B379-50BD79CEFAAD}.Release|Any CPU.Build.0 = Release|Any CPU
	EndGlobalSection
	GlobalSection(SolutionProperties) = preSolution
		HideSolutionNode = FALSE
	EndGlobalSection
	GlobalSection(ExtensibilityGlobals) = postSolution
		SolutionGuid = {A5E12941-6659-40A4-ACF3-C38BC0A36C09}
	EndGlobalSection
EndGlobal
