
Microsoft Visual Studio Solution File, Format Version 12.00
# Visual Studio Version 16
VisualStudioVersion = 16.0.30503.244
MinimumVisualStudioVersion = 10.0.40219.1
Project("{FAE04EC0-301F-11D3-BF4B-00C04F79EFBC}") = "WpfApp1", "WpfApp1.csproj", "{62667835-C3B4-47BF-9F4D-B372EBFAC9CF}"
EndProject
Project("{FAE04EC0-301F-11D3-BF4B-00C04F79EFBC}") = "WpfApp2", "..\WpfApp2\WpfApp2.csproj", "{4CD5CC9F-A46D-46DB-9417-E14B90C57870}"
EndProject
Project("{FAE04EC0-301F-11D3-BF4B-00C04F79EFBC}") = "WpfApp3", "..\WpfApp3\WpfApp3.csproj", "{D5D413B2-B548-41F5-8F53-ED4D663551BC}"
EndProject
Project("{FAE04EC0-301F-11D3-BF4B-00C04F79EFBC}") = "WpfApp4", "..\WpfApp4\WpfApp4.csproj", "{B7EF4383-68A9-4134-8F85-015B0A211053}"
EndProject
Project("{FAE04EC0-301F-11D3-BF4B-00C04F79EFBC}") = "WpfApp5", "..\WpfApp5\WpfApp5.csproj", "{75BC9433-5CC1-4668-A39C-346D972EDAF1}"
EndProject
Global
	GlobalSection(SolutionConfigurationPlatforms) = preSolution
		Debug|Any CPU = Debug|Any CPU
		Release|Any CPU = Release|Any CPU
	EndGlobalSection
	GlobalSection(ProjectConfigurationPlatforms) = postSolution
		{62667835-C3B4-47BF-9F4D-B372EBFAC9CF}.Debug|Any CPU.ActiveCfg = Debug|Any CPU
		{62667835-C3B4-47BF-9F4D-B372EBFAC9CF}.Debug|Any CPU.Build.0 = Debug|Any CPU
		{62667835-C3B4-47BF-9F4D-B372EBFAC9CF}.Release|Any CPU.ActiveCfg = Release|Any CPU
		{62667835-C3B4-47BF-9F4D-B372EBFAC9CF}.Release|Any CPU.Build.0 = Release|Any CPU
		{4CD5CC9F-A46D-46DB-9417-E14B90C57870}.Debug|Any CPU.ActiveCfg = Debug|Any CPU
		{4CD5CC9F-A46D-46DB-9417-E14B90C57870}.Debug|Any CPU.Build.0 = Debug|Any CPU
		{4CD5CC9F-A46D-46DB-9417-E14B90C57870}.Release|Any CPU.ActiveCfg = Release|Any CPU
		{4CD5CC9F-A46D-46DB-9417-E14B90C57870}.Release|Any CPU.Build.0 = Release|Any CPU
		{D5D413B2-B548-41F5-8F53-ED4D663551BC}.Debug|Any CPU.ActiveCfg = Debug|Any CPU
		{D5D413B2-B548-41F5-8F53-ED4D663551BC}.Debug|Any CPU.Build.0 = Debug|Any CPU
		{D5D413B2-B548-41F5-8F53-ED4D663551BC}.Release|Any CPU.ActiveCfg = Release|Any CPU
		{D5D413B2-B548-41F5-8F53-ED4D663551BC}.Release|Any CPU.Build.0 = Release|Any CPU
		{B7EF4383-68A9-4134-8F85-015B0A211053}.Debug|Any CPU.ActiveCfg = Debug|Any CPU
		{B7EF4383-68A9-4134-8F85-015B0A211053}.Debug|Any CPU.Build.0 = Debug|Any CPU
		{B7EF4383-68A9-4134-8F85-015B0A211053}.Release|Any CPU.ActiveCfg = Release|Any CPU
		{B7EF4383-68A9-4134-8F85-015B0A211053}.Release|Any CPU.Build.0 = Release|Any CPU
		{75BC9433-5CC1-4668-A39C-346D972EDAF1}.Debug|Any CPU.ActiveCfg = Debug|Any CPU
		{75BC9433-5CC1-4668-A39C-346D972EDAF1}.Debug|Any CPU.Build.0 = Debug|Any CPU
		{75BC9433-5CC1-4668-A39C-346D972EDAF1}.Release|Any CPU.ActiveCfg = Release|Any CPU
		{75BC9433-5CC1-4668-A39C-346D972EDAF1}.Release|Any CPU.Build.0 = Release|Any CPU
	EndGlobalSection
	GlobalSection(SolutionProperties) = preSolution
		HideSolutionNode = FALSE
	EndGlobalSection
	GlobalSection(ExtensibilityGlobals) = postSolution
		SolutionGuid = {696A8524-7333-4293-A7BA-491CF83FEC69}
	EndGlobalSection
EndGlobal
